github.com/BurntSushi/toml v1.6.0 h1:dRaEfpa2VI55EwlIW72hMRHdWouJeRF7TPYhI+AUQjk=
github.com/BurntSushi/toml v1.6.0/go.mod h1:ukJfTF/6rtPPRCnwkur4qwRxa8vTRFBF0uk2lLoLwho=
mvdan.cc/sh/v3 v3.14.0 h1:wsPjcfrSXLJomdxwhVZqZ5j5Cue68l549Aj/DCqzbpc=
mvdan.cc/sh/v3 v3.14.0/go.mod h1:syYCoFET8w9tvevxiXUtY8/ICrU+l26jHmhJDra3Vwo=
